
Microsoft Visual Studio Solution File, Format Version 12.00
# Visual Studio Version 17
VisualStudioVersion = 17.13.35818.85 d17.13
MinimumVisualStudioVersion = 10.0.40219.1
Project("{FAE04EC0-301F-11D3-BF4B-00C04F79EFBC}") = "WinUiHamburgerMenuMisssing", "WinUiHamburgerMenuMisssing\WinUiHamburgerMenuMisssing.csproj", "{8DDFBBF9-A535-4430-8272-31C6FB369597}"
EndProject
Global
	GlobalSection(SolutionConfigurationPlatforms) = preSolution
		Debug|Any CPU = Debug|Any CPU
		Release|Any CPU = Release|Any CPU
	EndGlobalSection
	GlobalSection(ProjectConfigurationPlatforms) = postSolution
		{8DDFBBF9-A535-4430-8272-31C6FB369597}.Debug|Any CPU.ActiveCfg = Debug|Any CPU
		{8DDFBBF9-A535-4430-8272-31C6FB369597}.Debug|Any CPU.Build.0 = Debug|Any CPU
		{8DDFBBF9-A535-4430-8272-31C6FB369597}.Release|Any CPU.ActiveCfg = Release|Any CPU
		{8DDFBBF9-A535-4430-8272-31C6FB369597}.Release|Any CPU.Build.0 = Release|Any CPU
	EndGlobalSection
	GlobalSection(SolutionProperties) = preSolution
		HideSolutionNode = FALSE
	EndGlobalSection
	GlobalSection(ExtensibilityGlobals) = postSolution
		SolutionGuid = {55C76CDF-89DE-4795-AFCB-47A40DEF260E}
	EndGlobalSection
EndGlobal
